{
  "name": "@digibear/socket-bridge",
  "version": "1.0.5",
  "lockfileVersion": 1,
  "requires": true,
  "dependencies": {
    "anser": {
      "version": "1.4.9",
      "resolved": "https://registry.npmjs.org/anser/-/anser-1.4.9.tgz",
      "integrity": "sha512-AI+BjTeGt2+WFk4eWcqbQ7snZpDBt8SaLlj0RT2h5xfdWaiy51OjYvqwMrNzJLGy8iOAL6nKDITWO+rd4MkYEA=="
    },
    "minimist": {
      "version": "1.2.3",
      "resolved": "https://registry.npmjs.org/minimist/-/minimist-1.2.3.tgz",
      "integrity": "sha512-+bMdgqjMN/Z77a6NlY/I3U5LlRDbnmaAk6lDveAPKwSpcPM4tKAuYsvYF8xjhOPXhOYGe/73vVLVez5PW+jqhw=="
    },
    "ws": {
      "version": "7.4.6",
      "resolved": "https://registry.npmjs.org/ws/-/ws-7.4.6.tgz",
      "integrity": "sha512-YmhHDO4MzaDLB+M9ym/mDA5z0naX8j7SIlT8f8z+I0VtzsRbekxEutHSme7NPS2qE8StCYQNUnfWdXta/Yu85A=="
    }
  }
}
